
Microsoft Visual Studio Solution File, Format Version 12.00
# Visual Studio Version 17
VisualStudioVersion = 17.9.34622.214
MinimumVisualStudioVersion = 10.0.40219.1
Project("{9A19103F-16F7-4668-BE54-9A1E7A4F7556}") = "Cycliko.EnergyQuote.Api", "Cycliko.EnergyQuote.Api\Cycliko.EnergyQuote.Api.csproj", "{3657AA19-E444-45B7-B315-F211CB098C38}"
EndProject
Project("{9A19103F-16F7-4668-BE54-9A1E7A4F7556}") = "Cycliko.EnergyQuote.Api.Contracts", "Cycliko.EnergyQuote.Api.Contracts\Cycliko.EnergyQuote.Api.Contracts.csproj", "{F8543737-335E-4363-843F-4846B5E02B11}"
EndProject
Project("{9A19103F-16F7-4668-BE54-9A1E7A4F7556}") = "Cycliko.EnergyQuote.Storage", "Cycliko.EnergyQuote.Storage\Cycliko.EnergyQuote.Storage.csproj", "{735C327C-907A-42F3-B11E-5C0E3DC4BF2D}"
EndProject
Project("{9A19103F-16F7-4668-BE54-9A1E7A4F7556}") = "Cycliko.EnergyQuote.Storage.Contracts", "Cycliko.EnergyQuote.Storage.Contracts\Cycliko.EnergyQuote.Storage.Contracts.csproj", "{8BDC4D0F-975B-4F11-BD90-A13D12D254FE}"
EndProject
Project("{9A19103F-16F7-4668-BE54-9A1E7A4F7556}") = "Cycliko.Invitation.Domain", "Cycliko.Invitation.Domain\Cycliko.Invitation.Domain.csproj", "{EE893FE9-DC7C-4ECD-8C13-5F01A2990C65}"
EndProject
Project("{9A19103F-16F7-4668-BE54-9A1E7A4F7556}") = "Cycliko.Invitation.Storage", "Cycliko.Invitation.Storage\Cycliko.Invitation.Storage.csproj", "{0D9BA309-F718-40EA-B1C6-9180F5BD608F}"
EndProject
Project("{9A19103F-16F7-4668-BE54-9A1E7A4F7556}") = "Cycliko.Invitation.API", "Cycliko.Invitation.API\Cycliko.Invitation.API.csproj", "{BC235EC3-6264-415F-999C-B7658F305887}"
EndProject
Project("{9A19103F-16F7-4668-BE54-9A1E7A4F7556}") = "Cycliko.Invitation.Domain.Tests", "Cycliko.Invitation.Domain.Tests\Cycliko.Invitation.Domain.Tests.csproj", "{C4A57A10-FD02-4B74-B3B3-EC1E485013FA}"
EndProject
Project("{9A19103F-16F7-4668-BE54-9A1E7A4F7556}") = "Cycliko.EnergyQuote.Api.Tests", "Cycliko.EnergyQuote.Api.Tests\Cycliko.EnergyQuote.Api.Tests.csproj", "{AA81E307-16CD-48E3-AFDE-4338EE7D414F}"
EndProject
Project("{9A19103F-16F7-4668-BE54-9A1E7A4F7556}") = "Cycliko.IdentityServer", "Cycliko.IdentityServer\Cycliko.IdentityServer.csproj", "{969C4DAC-1E07-41AF-AA98-FFFE2A79DE70}"
EndProject
Project("{9A19103F-16F7-4668-BE54-9A1E7A4F7556}") = "Cycliko.Web", "Cycliko.Web\Cycliko.Web.csproj", "{79677056-67A7-4FCE-9650-AA206BAC1E26}"
EndProject
Global
	GlobalSection(SolutionConfigurationPlatforms) = preSolution
		Debug|Any CPU = Debug|Any CPU
		Release|Any CPU = Release|Any CPU
	EndGlobalSection
	GlobalSection(ProjectConfigurationPlatforms) = postSolution
		{3657AA19-E444-45B7-B315-F211CB098C38}.Debug|Any CPU.ActiveCfg = Debug|Any CPU
		{3657AA19-E444-45B7-B315-F211CB098C38}.Debug|Any CPU.Build.0 = Debug|Any CPU
		{3657AA19-E444-45B7-B315-F211CB098C38}.Release|Any CPU.ActiveCfg = Release|Any CPU
		{3657AA19-E444-45B7-B315-F211CB098C38}.Release|Any CPU.Build.0 = Release|Any CPU
		{F8543737-335E-4363-843F-4846B5E02B11}.Debug|Any CPU.ActiveCfg = Debug|Any CPU
		{F8543737-335E-4363-843F-4846B5E02B11}.Debug|Any CPU.Build.0 = Debug|Any CPU
		{F8543737-335E-4363-843F-4846B5E02B11}.Release|Any CPU.ActiveCfg = Release|Any CPU
		{F8543737-335E-4363-843F-4846B5E02B11}.Release|Any CPU.Build.0 = Release|Any CPU
		{735C327C-907A-42F3-B11E-5C0E3DC4BF2D}.Debug|Any CPU.ActiveCfg = Debug|Any CPU
		{735C327C-907A-42F3-B11E-5C0E3DC4BF2D}.Debug|Any CPU.Build.0 = Debug|Any CPU
		{735C327C-907A-42F3-B11E-5C0E3DC4BF2D}.Release|Any CPU.ActiveCfg = Release|Any CPU
		{735C327C-907A-42F3-B11E-5C0E3DC4BF2D}.Release|Any CPU.Build.0 = Release|Any CPU
		{8BDC4D0F-975B-4F11-BD90-A13D12D254FE}.Debug|Any CPU.ActiveCfg = Debug|Any CPU
		{8BDC4D0F-975B-4F11-BD90-A13D12D254FE}.Debug|Any CPU.Build.0 = Debug|Any CPU
		{8BDC4D0F-975B-4F11-BD90-A13D12D254FE}.Release|Any CPU.ActiveCfg = Release|Any CPU
		{8BDC4D0F-975B-4F11-BD90-A13D12D254FE}.Release|Any CPU.Build.0 = Release|Any CPU
		{EE893FE9-DC7C-4ECD-8C13-5F01A2990C65}.Debug|Any CPU.ActiveCfg = Debug|Any CPU
		{EE893FE9-DC7C-4ECD-8C13-5F01A2990C65}.Debug|Any CPU.Build.0 = Debug|Any CPU
		{EE893FE9-DC7C-4ECD-8C13-5F01A2990C65}.Release|Any CPU.ActiveCfg = Release|Any CPU
		{EE893FE9-DC7C-4ECD-8C13-5F01A2990C65}.Release|Any CPU.Build.0 = Release|Any CPU
		{0D9BA309-F718-40EA-B1C6-9180F5BD608F}.Debug|Any CPU.ActiveCfg = Debug|Any CPU
		{0D9BA309-F718-40EA-B1C6-9180F5BD608F}.Debug|Any CPU.Build.0 = Debug|Any CPU
		{0D9BA309-F718-40EA-B1C6-9180F5BD608F}.Release|Any CPU.ActiveCfg = Release|Any CPU
		{0D9BA309-F718-40EA-B1C6-9180F5BD608F}.Release|Any CPU.Build.0 = Release|Any CPU
		{BC235EC3-6264-415F-999C-B7658F305887}.Debug|Any CPU.ActiveCfg = Debug|Any CPU
		{BC235EC3-6264-415F-999C-B7658F305887}.Debug|Any CPU.Build.0 = Debug|Any CPU
		{BC235EC3-6264-415F-999C-B7658F305887}.Release|Any CPU.ActiveCfg = Release|Any CPU
		{BC235EC3-6264-415F-999C-B7658F305887}.Release|Any CPU.Build.0 = Release|Any CPU
		{C4A57A10-FD02-4B74-B3B3-EC1E485013FA}.Debug|Any CPU.ActiveCfg = Debug|Any CPU
		{C4A57A10-FD02-4B74-B3B3-EC1E485013FA}.Debug|Any CPU.Build.0 = Debug|Any CPU
		{C4A57A10-FD02-4B74-B3B3-EC1E485013FA}.Release|Any CPU.ActiveCfg = Release|Any CPU
		{C4A57A10-FD02-4B74-B3B3-EC1E485013FA}.Release|Any CPU.Build.0 = Release|Any CPU
		{AA81E307-16CD-48E3-AFDE-4338EE7D414F}.Debug|Any CPU.ActiveCfg = Debug|Any CPU
		{AA81E307-16CD-48E3-AFDE-4338EE7D414F}.Debug|Any CPU.Build.0 = Debug|Any CPU
		{AA81E307-16CD-48E3-AFDE-4338EE7D414F}.Release|Any CPU.ActiveCfg = Release|Any CPU
		{AA81E307-16CD-48E3-AFDE-4338EE7D414F}.Release|Any CPU.Build.0 = Release|Any CPU
		{969C4DAC-1E07-41AF-AA98-FFFE2A79DE70}.Debug|Any CPU.ActiveCfg = Debug|Any CPU
		{969C4DAC-1E07-41AF-AA98-FFFE2A79DE70}.Debug|Any CPU.Build.0 = Debug|Any CPU
		{969C4DAC-1E07-41AF-AA98-FFFE2A79DE70}.Release|Any CPU.ActiveCfg = Release|Any CPU
		{969C4DAC-1E07-41AF-AA98-FFFE2A79DE70}.Release|Any CPU.Build.0 = Release|Any CPU
		{79677056-67A7-4FCE-9650-AA206BAC1E26}.Debug|Any CPU.ActiveCfg = Debug|Any CPU
		{79677056-67A7-4FCE-9650-AA206BAC1E26}.Debug|Any CPU.Build.0 = Debug|Any CPU
		{79677056-67A7-4FCE-9650-AA206BAC1E26}.Release|Any CPU.ActiveCfg = Release|Any CPU
		{79677056-67A7-4FCE-9650-AA206BAC1E26}.Release|Any CPU.Build.0 = Release|Any CPU
	EndGlobalSection
	GlobalSection(SolutionProperties) = preSolution
		HideSolutionNode = FALSE
	EndGlobalSection
	GlobalSection(ExtensibilityGlobals) = postSolution
		SolutionGuid = {4053AC2C-92F2-4E06-8C0A-F47946176C42}
	EndGlobalSection
EndGlobal
